
Microsoft Visual Studio Solution File, Format Version 12.00
# Visual Studio Version 16
VisualStudioVersion = 16.0.31515.178
MinimumVisualStudioVersion = 10.0.40219.1
Project("{FAE04EC0-301F-11D3-BF4B-00C04F79EFBC}") = "ByteBank.SistemaAgencia", "ByteBank.SistemaAgencia\ByteBank.SistemaAgencia.csproj", "{B3CD7C88-9C5B-4D68-A966-7E045BFEA898}"
EndProject
Project("{FAE04EC0-301F-11D3-BF4B-00C04F79EFBC}") = "ByteBank.Modelos", "ByteBank.Modelos\ByteBank.Modelos.csproj", "{F26CB19E-F890-41BC-B6F4-E0F0848FD3C3}"
EndProject
Global
	GlobalSection(SolutionConfigurationPlatforms) = preSolution
		Debug|Any CPU = Debug|Any CPU
		Release|Any CPU = Release|Any CPU
	EndGlobalSection
	GlobalSection(ProjectConfigurationPlatforms) = postSolution
		{B3CD7C88-9C5B-4D68-A966-7E045BFEA898}.Debug|Any CPU.ActiveCfg = Debug|Any CPU
		{B3CD7C88-9C5B-4D68-A966-7E045BFEA898}.Debug|Any CPU.Build.0 = Debug|Any CPU
		{B3CD7C88-9C5B-4D68-A966-7E045BFEA898}.Release|Any CPU.ActiveCfg = Release|Any CPU
		{B3CD7C88-9C5B-4D68-A966-7E045BFEA898}.Release|Any CPU.Build.0 = Release|Any CPU
		{F26CB19E-F890-41BC-B6F4-E0F0848FD3C3}.Debug|Any CPU.ActiveCfg = Debug|Any CPU
		{F26CB19E-F890-41BC-B6F4-E0F0848FD3C3}.Debug|Any CPU.Build.0 = Debug|Any CPU
		{F26CB19E-F890-41BC-B6F4-E0F0848FD3C3}.Release|Any CPU.ActiveCfg = Release|Any CPU
		{F26CB19E-F890-41BC-B6F4-E0F0848FD3C3}.Release|Any CPU.Build.0 = Release|Any CPU
	EndGlobalSection
	GlobalSection(SolutionProperties) = preSolution
		HideSolutionNode = FALSE
	EndGlobalSection
	GlobalSection(ExtensibilityGlobals) = postSolution
		SolutionGuid = {07A12439-18AF-42C6-9577-1829CD2EACC9}
	EndGlobalSection
EndGlobal
